
Microsoft Visual Studio Solution File, Format Version 12.00
# Visual Studio Version 17
VisualStudioVersion = 17.4.33122.133
MinimumVisualStudioVersion = 10.0.40219.1
Project("{9A19103F-16F7-4668-BE54-9A1E7A4F7556}") = "SW.Portal.Solutions", "SW.Portal.Solutions\SW.Portal.Solutions.csproj", "{932FE48B-5EA2-49E4-9C83-E5F9F94B1E81}"
EndProject
Project("{2150E333-8FDC-42A3-9474-1A3956D46DE8}") = "UI", "UI", "{E8AC785B-2482-473D-AAFE-6D69837219EC}"
EndProject
Project("{9A19103F-16F7-4668-BE54-9A1E7A4F7556}") = "AC.SD.Core", "AC.SD.Core\AC.SD.Core.csproj", "{7091088C-F9A9-45AE-AC28-6E7CEA237EE2}"
EndProject
Project("{9A19103F-16F7-4668-BE54-9A1E7A4F7556}") = "AC.SD.Model", "AC.SD.Model\AC.SD.Model.csproj", "{10F2FEF4-1B79-4CEB-A412-2E75929AB948}"
EndProject
Project("{2150E333-8FDC-42A3-9474-1A3956D46DE8}") = "Infrastructure", "Infrastructure", "{4950CDA5-BE48-4FC5-B462-7DEC16421F2A}"
EndProject
Project("{9A19103F-16F7-4668-BE54-9A1E7A4F7556}") = "Infrastructure", "Infrastructure\Infrastructure.csproj", "{C7A7005C-0772-40E6-BD17-5217011E5D8B}"
EndProject
Project("{2150E333-8FDC-42A3-9474-1A3956D46DE8}") = "Application", "Application", "{11A92EEA-5D5C-4D92-A209-046B4E7B2072}"
EndProject
Project("{2150E333-8FDC-42A3-9474-1A3956D46DE8}") = "Domain", "Domain", "{05D980FF-6329-46F9-AED4-9055B206EB6F}"
EndProject
Project("{2150E333-8FDC-42A3-9474-1A3956D46DE8}") = "Core", "Core", "{4E45F921-34F1-40AF-ADCB-E9F2BE027679}"
EndProject
Project("{9A19103F-16F7-4668-BE54-9A1E7A4F7556}") = "Domain", "Domain\Domain.csproj", "{D8A2D61F-EBB2-4850-B14F-D14E677FB604}"
EndProject
Project("{9A19103F-16F7-4668-BE54-9A1E7A4F7556}") = "Core", "Core\Core.csproj", "{D6F887C8-6B72-472A-B79E-F20A4745C89D}"
EndProject
Project("{9A19103F-16F7-4668-BE54-9A1E7A4F7556}") = "Application", "Application\Application.csproj", "{6B28B453-954C-48E8-AA8D-09C4E88D211E}"
EndProject
Global
	GlobalSection(SolutionConfigurationPlatforms) = preSolution
		Debug|Any CPU = Debug|Any CPU
		Release|Any CPU = Release|Any CPU
	EndGlobalSection
	GlobalSection(ProjectConfigurationPlatforms) = postSolution
		{932FE48B-5EA2-49E4-9C83-E5F9F94B1E81}.Debug|Any CPU.ActiveCfg = Debug|Any CPU
		{932FE48B-5EA2-49E4-9C83-E5F9F94B1E81}.Debug|Any CPU.Build.0 = Debug|Any CPU
		{932FE48B-5EA2-49E4-9C83-E5F9F94B1E81}.Release|Any CPU.ActiveCfg = Release|Any CPU
		{932FE48B-5EA2-49E4-9C83-E5F9F94B1E81}.Release|Any CPU.Build.0 = Release|Any CPU
		{7091088C-F9A9-45AE-AC28-6E7CEA237EE2}.Debug|Any CPU.ActiveCfg = Debug|Any CPU
		{7091088C-F9A9-45AE-AC28-6E7CEA237EE2}.Debug|Any CPU.Build.0 = Debug|Any CPU
		{7091088C-F9A9-45AE-AC28-6E7CEA237EE2}.Release|Any CPU.ActiveCfg = Release|Any CPU
		{7091088C-F9A9-45AE-AC28-6E7CEA237EE2}.Release|Any CPU.Build.0 = Release|Any CPU
		{10F2FEF4-1B79-4CEB-A412-2E75929AB948}.Debug|Any CPU.ActiveCfg = Debug|Any CPU
		{10F2FEF4-1B79-4CEB-A412-2E75929AB948}.Debug|Any CPU.Build.0 = Debug|Any CPU
		{10F2FEF4-1B79-4CEB-A412-2E75929AB948}.Release|Any CPU.ActiveCfg = Release|Any CPU
		{10F2FEF4-1B79-4CEB-A412-2E75929AB948}.Release|Any CPU.Build.0 = Release|Any CPU
		{C7A7005C-0772-40E6-BD17-5217011E5D8B}.Debug|Any CPU.ActiveCfg = Debug|Any CPU
		{C7A7005C-0772-40E6-BD17-5217011E5D8B}.Debug|Any CPU.Build.0 = Debug|Any CPU
		{C7A7005C-0772-40E6-BD17-5217011E5D8B}.Release|Any CPU.ActiveCfg = Release|Any CPU
		{C7A7005C-0772-40E6-BD17-5217011E5D8B}.Release|Any CPU.Build.0 = Release|Any CPU
		{D8A2D61F-EBB2-4850-B14F-D14E677FB604}.Debug|Any CPU.ActiveCfg = Debug|Any CPU
		{D8A2D61F-EBB2-4850-B14F-D14E677FB604}.Debug|Any CPU.Build.0 = Debug|Any CPU
		{D8A2D61F-EBB2-4850-B14F-D14E677FB604}.Release|Any CPU.ActiveCfg = Release|Any CPU
		{D8A2D61F-EBB2-4850-B14F-D14E677FB604}.Release|Any CPU.Build.0 = Release|Any CPU
		{D6F887C8-6B72-472A-B79E-F20A4745C89D}.Debug|Any CPU.ActiveCfg = Debug|Any CPU
		{D6F887C8-6B72-472A-B79E-F20A4745C89D}.Debug|Any CPU.Build.0 = Debug|Any CPU
		{D6F887C8-6B72-472A-B79E-F20A4745C89D}.Release|Any CPU.ActiveCfg = Release|Any CPU
		{D6F887C8-6B72-472A-B79E-F20A4745C89D}.Release|Any CPU.Build.0 = Release|Any CPU
		{6B28B453-954C-48E8-AA8D-09C4E88D211E}.Debug|Any CPU.ActiveCfg = Debug|Any CPU
		{6B28B453-954C-48E8-AA8D-09C4E88D211E}.Debug|Any CPU.Build.0 = Debug|Any CPU
		{6B28B453-954C-48E8-AA8D-09C4E88D211E}.Release|Any CPU.ActiveCfg = Release|Any CPU
		{6B28B453-954C-48E8-AA8D-09C4E88D211E}.Release|Any CPU.Build.0 = Release|Any CPU
	EndGlobalSection
	GlobalSection(SolutionProperties) = preSolution
		HideSolutionNode = FALSE
	EndGlobalSection
	GlobalSection(NestedProjects) = preSolution
		{7091088C-F9A9-45AE-AC28-6E7CEA237EE2} = {E8AC785B-2482-473D-AAFE-6D69837219EC}
		{10F2FEF4-1B79-4CEB-A412-2E75929AB948} = {E8AC785B-2482-473D-AAFE-6D69837219EC}
		{C7A7005C-0772-40E6-BD17-5217011E5D8B} = {4950CDA5-BE48-4FC5-B462-7DEC16421F2A}
		{D8A2D61F-EBB2-4850-B14F-D14E677FB604} = {05D980FF-6329-46F9-AED4-9055B206EB6F}
		{D6F887C8-6B72-472A-B79E-F20A4745C89D} = {4E45F921-34F1-40AF-ADCB-E9F2BE027679}
		{6B28B453-954C-48E8-AA8D-09C4E88D211E} = {11A92EEA-5D5C-4D92-A209-046B4E7B2072}
	EndGlobalSection
	GlobalSection(ExtensibilityGlobals) = postSolution
		SolutionGuid = {15A74E8A-20EE-498E-87FB-A7AD7DB768A4}
	EndGlobalSection
EndGlobal
